// !$*UTF8*$!
{
	archiveVersion = 1;
	classes = {
	};
	objectVersion = 77;
	objects = {

/* Begin PBXContainerItemProxy section */
		04B434DD2DE4761100218A2F /* PBXContainerItemProxy */ = {
			isa = PBXContainerItemProxy;
			containerPortal = 04B434C42DE4761000218A2F /* Project object */;
			proxyType = 1;
			remoteGlobalIDString = 04B434CB2DE4761000218A2F;
			remoteInfo = MarketplaceAPI_iOS;
		};
		04B434E72DE4761100218A2F /* PBXContainerItemProxy */ = {
			isa = PBXContainerItemProxy;
			containerPortal = 04B434C42DE4761000218A2F /* Project object */;
			proxyType = 1;
			remoteGlobalIDString = 04B434CB2DE4761000218A2F;
			remoteInfo = MarketplaceAPI_iOS;
		};
/* End PBXContainerItemProxy section */

/* Begin PBXFileReference section */
		04B434CC2DE4761000218A2F /* MarketplaceAPI_iOS.app */ = {isa = PBXFileReference; explicitFileType = wrapper.application; includeInIndex = 0; path = MarketplaceAPI_iOS.app; sourceTree = BUILT_PRODUCTS_DIR; };
		04B434DC2DE4761100218A2F /* MarketplaceAPI_iOSTests.xctest */ = {isa = PBXFileReference; explicitFileType = wrapper.cfbundle; includeInIndex = 0; path = MarketplaceAPI_iOSTests.xctest; sourceTree = BUILT_PRODUCTS_DIR; };
		04B434E62DE4761100218A2F /* MarketplaceAPI_iOSUITests.xctest */ = {isa = PBXFileReference; explicitFileType = wrapper.cfbundle; includeInIndex = 0; path = MarketplaceAPI_iOSUITests.xctest; sourceTree = BUILT_PRODUCTS_DIR; };
/* End PBXFileReference section */

/* Begin PBXFileSystemSynchronizedRootGroup section */
		04B434CE2DE4761000218A2F /* MarketplaceAPI_iOS */ = {
			isa = PBXFileSystemSynchronizedRootGroup;
			path = MarketplaceAPI_iOS;
			sourceTree = "<group>";
		};
		04B434DF2DE4761100218A2F /* MarketplaceAPI_iOSTests */ = {
			isa = PBXFileSystemSynchronizedRootGroup;
			path = MarketplaceAPI_iOSTests;
			sourceTree = "<group>";
		};
		04B434E92DE4761100218A2F /* MarketplaceAPI_iOSUITests */ = {
			isa = PBXFileSystemSynchronizedRootGroup;
			path = MarketplaceAPI_iOSUITests;
			sourceTree = "<group>";
		};
/* End PBXFileSystemSynchronizedRootGroup section */

/* Begin PBXFrameworksBuildPhase section */
		04B434C92DE4761000218A2F /* Frameworks */ = {
			isa = PBXFrameworksBuildPhase;
			buildActionMask = 2147483647;
			files = (
			);
			runOnlyForDeploymentPostprocessing = 0;
		};
		04B434D92DE4761100218A2F /* Frameworks */ = {
			isa = PBXFrameworksBuildPhase;
			buildActionMask = 2147483647;
			files = (
			);
			runOnlyForDeploymentPostprocessing = 0;
		};
		04B434E32DE4761100218A2F /* Frameworks */ = {
			isa = PBXFrameworksBuildPhase;
			buildActionMask = 2147483647;
			files = (
			);
			runOnlyForDeploymentPostprocessing = 0;
		};
/* End PBXFrameworksBuildPhase section */

/* Begin PBXGroup section */
		04B434C32DE4761000218A2F = {
			isa = PBXGroup;
			children = (
				04B434CE2DE4761000218A2F /* MarketplaceAPI_iOS */,
				04B434DF2DE4761100218A2F /* MarketplaceAPI_iOSTests */,
				04B434E92DE4761100218A2F /* MarketplaceAPI_iOSUITests */,
				04B434CD2DE4761000218A2F /* Products */,
			);
			sourceTree = "<group>";
		};
		04B434CD2DE4761000218A2F /* Products */ = {
			isa = PBXGroup;
			children = (
				04B434CC2DE4761000218A2F /* MarketplaceAPI_iOS.app */,
				04B434DC2DE4761100218A2F /* MarketplaceAPI_iOSTests.xctest */,
				04B434E62DE4761100218A2F /* MarketplaceAPI_iOSUITests.xctest */,
			);
			name = Products;
			sourceTree = "<group>";
		};
/* End PBXGroup section */

/* Begin PBXNativeTarget section */
		04B434CB2DE4761000218A2F /* MarketplaceAPI_iOS */ = {
			isa = PBXNativeTarget;
			buildConfigurationList = 04B434F02DE4761100218A2F /* Build configuration list for PBXNativeTarget "MarketplaceAPI_iOS" */;
			buildPhases = (
				04B434C82DE4761000218A2F /* Sources */,
				04B434C92DE4761000218A2F /* Frameworks */,
				04B434CA2DE4761000218A2F /* Resources */,
			);
			buildRules = (
			);
			dependencies = (
			);
			fileSystemSynchronizedGroups = (
				04B434CE2DE4761000218A2F /* MarketplaceAPI_iOS */,
			);
			name = MarketplaceAPI_iOS;
			packageProductDependencies = (
			);
			productName = MarketplaceAPI_iOS;
			productReference = 04B434CC2DE4761000218A2F /* MarketplaceAPI_iOS.app */;
			productType = "com.apple.product-type.application";
		};
		04B434DB2DE4761100218A2F /* MarketplaceAPI_iOSTests */ = {
			isa = PBXNativeTarget;
			buildConfigurationList = 04B434F32DE4761100218A2F /* Build configuration list for PBXNativeTarget "MarketplaceAPI_iOSTests" */;
			buildPhases = (
				04B434D82DE4761100218A2F /* Sources */,
				04B434D92DE4761100218A2F /* Frameworks */,
				04B434DA2DE4761100218A2F /* Resources */,
			);
			buildRules = (
			);
			dependencies = (
				04B434DE2DE4761100218A2F /* PBXTargetDependency */,
			);
			fileSystemSynchronizedGroups = (
				04B434DF2DE4761100218A2F /* MarketplaceAPI_iOSTests */,
			);
			name = MarketplaceAPI_iOSTests;
			packageProductDependencies = (
			);
			productName = MarketplaceAPI_iOSTests;
			productReference = 04B434DC2DE4761100218A2F /* MarketplaceAPI_iOSTests.xctest */;
			productType = "com.apple.product-type.bundle.unit-test";
		};
		04B434E52DE4761100218A2F /* MarketplaceAPI_iOSUITests */ = {
			isa = PBXNativeTarget;
			buildConfigurationList = 04B434F62DE4761100218A2F /* Build configuration list for PBXNativeTarget "MarketplaceAPI_iOSUITests" */;
			buildPhases = (
				04B434E22DE4761100218A2F /* Sources */,
				04B434E32DE4761100218A2F /* Frameworks */,
				04B434E42DE4761100218A2F /* Resources */,
			);
			buildRules = (
			);
			dependencies = (
				04B434E82DE4761100218A2F /* PBXTargetDependency */,
			);
			fileSystemSynchronizedGroups = (
				04B434E92DE4761100218A2F /* MarketplaceAPI_iOSUITests */,
			);
			name = MarketplaceAPI_iOSUITests;
			packageProductDependencies = (
			);
			productName = MarketplaceAPI_iOSUITests;
			productReference = 04B434E62DE4761100218A2F /* MarketplaceAPI_iOSUITests.xctest */;
			productType = "com.apple.product-type.bundle.ui-testing";
		};
/* End PBXNativeTarget section */

/* Begin PBXProject section */
		04B434C42DE4761000218A2F /* Project object */ = {
			isa = PBXProject;
			attributes = {
				BuildIndependentTargetsInParallel = 1;
				LastSwiftUpdateCheck = 1610;
				LastUpgradeCheck = 1610;
				TargetAttributes = {
					04B434CB2DE4761000218A2F = {
						CreatedOnToolsVersion = 16.1;
					};
					04B434DB2DE4761100218A2F = {
						CreatedOnToolsVersion = 16.1;
						TestTargetID = 04B434CB2DE4761000218A2F;
					};
					04B434E52DE4761100218A2F = {
						CreatedOnToolsVersion = 16.1;
						TestTargetID = 04B434CB2DE4761000218A2F;
					};
				};
			};
			buildConfigurationList = 04B434C72DE4761000218A2F /* Build configuration list for PBXProject "MarketplaceAPI_iOS" */;
			developmentRegion = en;
			hasScannedForEncodings = 0;
			knownRegions = (
				en,
				Base,
			);
			mainGroup = 04B434C32DE4761000218A2F;
			minimizedProjectReferenceProxies = 1;
			preferredProjectObjectVersion = 77;
			productRefGroup = 04B434CD2DE4761000218A2F /* Products */;
			projectDirPath = "";
			projectRoot = "";
			targets = (
				04B434CB2DE4761000218A2F /* MarketplaceAPI_iOS */,
				04B434DB2DE4761100218A2F /* MarketplaceAPI_iOSTests */,
				04B434E52DE4761100218A2F /* MarketplaceAPI_iOSUITests */,
			);
		};
/* End PBXProject section */

/* Begin PBXResourcesBuildPhase section */
		04B434CA2DE4761000218A2F /* Resources */ = {
			isa = PBXResourcesBuildPhase;
			buildActionMask = 2147483647;
			files = (
			);
			runOnlyForDeploymentPostprocessing = 0;
		};
		04B434DA2DE4761100218A2F /* Resources */ = {
			isa = PBXResourcesBuildPhase;
			buildActionMask = 2147483647;
			files = (
			);
			runOnlyForDeploymentPostprocessing = 0;
		};
		04B434E42DE4761100218A2F /* Resources */ = {
			isa = PBXResourcesBuildPhase;
			buildActionMask = 2147483647;
			files = (
			);
			runOnlyForDeploymentPostprocessing = 0;
		};
/* End PBXResourcesBuildPhase section */

/* Begin PBXSourcesBuildPhase section */
		04B434C82DE4761000218A2F /* Sources */ = {
			isa = PBXSourcesBuildPhase;
			buildActionMask = 2147483647;
			files = (
			);
			runOnlyForDeploymentPostprocessing = 0;
		};
		04B434D82DE4761100218A2F /* Sources */ = {
			isa = PBXSourcesBuildPhase;
			buildActionMask = 2147483647;
			files = (
			);
			runOnlyForDeploymentPostprocessing = 0;
		};
		04B434E22DE4761100218A2F /* Sources */ = {
			isa = PBXSourcesBuildPhase;
			buildActionMask = 2147483647;
			files = (
			);
			runOnlyForDeploymentPostprocessing = 0;
		};
/* End PBXSourcesBuildPhase section */

/* Begin PBXTargetDependency section */
		04B434DE2DE4761100218A2F /* PBXTargetDependency */ = {
			isa = PBXTargetDependency;
			target = 04B434CB2DE4761000218A2F /* MarketplaceAPI_iOS */;
			targetProxy = 04B434DD2DE4761100218A2F /* PBXContainerItemProxy */;
		};
		04B434E82DE4761100218A2F /* PBXTargetDependency */ = {
			isa = PBXTargetDependency;
			target = 04B434CB2DE4761000218A2F /* MarketplaceAPI_iOS */;
			targetProxy = 04B434E72DE4761100218A2F /* PBXContainerItemProxy */;
		};
/* End PBXTargetDependency section */

/* Begin XCBuildConfiguration section */
		04B434EE2DE4761100218A2F /* Debug */ = {
			isa = XCBuildConfiguration;
			buildSettings = {
				ALWAYS_SEARCH_USER_PATHS = NO;
				ASSETCATALOG_COMPILER_GENERATE_SWIFT_ASSET_SYMBOL_EXTENSIONS = YES;
				CLANG_ANALYZER_NONNULL = YES;
				CLANG_ANALYZER_NUMBER_OBJECT_CONVERSION = YES_AGGRESSIVE;
				CLANG_CXX_LANGUAGE_STANDARD = "gnu++20";
				CLANG_ENABLE_MODULES = YES;
				CLANG_ENABLE_OBJC_ARC = YES;
				CLANG_ENABLE_OBJC_WEAK = YES;
				CLANG_WARN_BLOCK_CAPTURE_AUTORELEASING = YES;
				CLANG_WARN_BOOL_CONVERSION = YES;
				CLANG_WARN_COMMA = YES;
				CLANG_WARN_CONSTANT_CONVERSION = YES;
				CLANG_WARN_DEPRECATED_OBJC_IMPLEMENTATIONS = YES;
				CLANG_WARN_DIRECT_OBJC_ISA_USAGE = YES_ERROR;
				CLANG_WARN_DOCUMENTATION_COMMENTS = YES;
				CLANG_WARN_EMPTY_BODY = YES;
				CLANG_WARN_ENUM_CONVERSION = YES;
				CLANG_WARN_INFINITE_RECURSION = YES;
				CLANG_WARN_INT_CONVERSION = YES;
				CLANG_WARN_NON_LITERAL_NULL_CONVERSION = YES;
				CLANG_WARN_OBJC_IMPLICIT_RETAIN_SELF = YES;
				CLANG_WARN_OBJC_LITERAL_CONVERSION = YES;
				CLANG_WARN_OBJC_ROOT_CLASS = YES_ERROR;
				CLANG_WARN_QUOTED_INCLUDE_IN_FRAMEWORK_HEADER = YES;
				CLANG_WARN_RANGE_LOOP_ANALYSIS = YES;
				CLANG_WARN_STRICT_PROTOTYPES = YES;
				CLANG_WARN_SUSPICIOUS_MOVE = YES;
				CLANG_WARN_UNGUARDED_AVAILABILITY = YES_AGGRESSIVE;
				CLANG_WARN_UNREACHABLE_CODE = YES;
				CLANG_WARN__DUPLICATE_METHOD_MATCH = YES;
				COPY_PHASE_STRIP = NO;
				DEBUG_INFORMATION_FORMAT = dwarf;
				ENABLE_STRICT_OBJC_MSGSEND = YES;
				ENABLE_TESTABILITY = YES;
				ENABLE_USER_SCRIPT_SANDBOXING = YES;
				GCC_C_LANGUAGE_STANDARD = gnu17;
				GCC_DYNAMIC_NO_PIC = NO;
				GCC_NO_COMMON_BLOCKS = YES;
				GCC_OPTIMIZATION_LEVEL = 0;
				GCC_PREPROCESSOR_DEFINITIONS = (
					"DEBUG=1",
					"$(inherited)",
				);
				GCC_WARN_64_TO_32_BIT_CONVERSION = YES;
				GCC_WARN_ABOUT_RETURN_TYPE = YES_ERROR;
				GCC_WARN_UNDECLARED_SELECTOR = YES;
				GCC_WARN_UNINITIALIZED_AUTOS = YES_AGGRESSIVE;
				GCC_WARN_UNUSED_FUNCTION = YES;
				GCC_WARN_UNUSED_VARIABLE = YES;
				IPHONEOS_DEPLOYMENT_TARGET = 18.1;
				LOCALIZATION_PREFERS_STRING_CATALOGS = YES;
				MTL_ENABLE_DEBUG_INFO = INCLUDE_SOURCE;
				MTL_FAST_MATH = YES;
				ONLY_ACTIVE_ARCH = YES;
				SDKROOT = iphoneos;
				SWIFT_ACTIVE_COMPILATION_CONDITIONS = "DEBUG $(inherited)";
				SWIFT_OPTIMIZATION_LEVEL = "-Onone";
			};
			name = Debug;
		};
		04B434EF2DE4761100218A2F /* Release */ = {
			isa = XCBuildConfiguration;
			buildSettings = {
				ALWAYS_SEARCH_USER_PATHS = NO;
				ASSETCATALOG_COMPILER_GENERATE_SWIFT_ASSET_SYMBOL_EXTENSIONS = YES;
				CLANG_ANALYZER_NONNULL = YES;
				CLANG_ANALYZER_NUMBER_OBJECT_CONVERSION = YES_AGGRESSIVE;
				CLANG_CXX_LANGUAGE_STANDARD = "gnu++20";
				CLANG_ENABLE_MODULES = YES;
				CLANG_ENABLE_OBJC_ARC = YES;
				CLANG_ENABLE_OBJC_WEAK = YES;
				CLANG_WARN_BLOCK_CAPTURE_AUTORELEASING = YES;
				CLANG_WARN_BOOL_CONVERSION = YES;
				CLANG_WARN_COMMA = YES;
				CLANG_WARN_CONSTANT_CONVERSION = YES;
				CLANG_WARN_DEPRECATED_OBJC_IMPLEMENTATIONS = YES;
				CLANG_WARN_DIRECT_OBJC_ISA_USAGE = YES_ERROR;
				CLANG_WARN_DOCUMENTATION_COMMENTS = YES;
				CLANG_WARN_EMPTY_BODY = YES;
				CLANG_WARN_ENUM_CONVERSION = YES;
				CLANG_WARN_INFINITE_RECURSION = YES;
				CLANG_WARN_INT_CONVERSION = YES;
				CLANG_WARN_NON_LITERAL_NULL_CONVERSION = YES;
				CLANG_WARN_OBJC_IMPLICIT_RETAIN_SELF = YES;
				CLANG_WARN_OBJC_LITERAL_CONVERSION = YES;
				CLANG_WARN_OBJC_ROOT_CLASS = YES_ERROR;
				CLANG_WARN_QUOTED_INCLUDE_IN_FRAMEWORK_HEADER = YES;
				CLANG_WARN_RANGE_LOOP_ANALYSIS = YES;
				CLANG_WARN_STRICT_PROTOTYPES = YES;
				CLANG_WARN_SUSPICIOUS_MOVE = YES;
				CLANG_WARN_UNGUARDED_AVAILABILITY = YES_AGGRESSIVE;
				CLANG_WARN_UNREACHABLE_CODE = YES;
				CLANG_WARN__DUPLICATE_METHOD_MATCH = YES;
				COPY_PHASE_STRIP = NO;
				DEBUG_INFORMATION_FORMAT = "dwarf-with-dsym";
				ENABLE_NS_ASSERTIONS = NO;
				ENABLE_STRICT_OBJC_MSGSEND = YES;
				ENABLE_USER_SCRIPT_SANDBOXING = YES;
				GCC_C_LANGUAGE_STANDARD = gnu17;
				GCC_NO_COMMON_BLOCKS = YES;
				GCC_WARN_64_TO_32_BIT_CONVERSION = YES;
				GCC_WARN_ABOUT_RETURN_TYPE = YES_ERROR;
				GCC_WARN_UNDECLARED_SELECTOR = YES;
				GCC_WARN_UNINITIALIZED_AUTOS = YES_AGGRESSIVE;
				GCC_WARN_UNUSED_FUNCTION = YES;
				GCC_WARN_UNUSED_VARIABLE = YES;
				IPHONEOS_DEPLOYMENT_TARGET = 18.1;
				LOCALIZATION_PREFERS_STRING_CATALOGS = YES;
				MTL_ENABLE_DEBUG_INFO = NO;
				MTL_FAST_MATH = YES;
				SDKROOT = iphoneos;
				SWIFT_COMPILATION_MODE = wholemodule;
				VALIDATE_PRODUCT = YES;
			};
			name = Release;
		};
		04B434F12DE4761100218A2F /* Debug */ = {
			isa = XCBuildConfiguration;
			buildSettings = {
				ASSETCATALOG_COMPILER_APPICON_NAME = AppIcon;
				ASSETCATALOG_COMPILER_GLOBAL_ACCENT_COLOR_NAME = AccentColor;
				CODE_SIGN_STYLE = Automatic;
				CURRENT_PROJECT_VERSION = 1;
				DEVELOPMENT_ASSET_PATHS = "\"MarketplaceAPI_iOS/Preview Content\"";
				DEVELOPMENT_TEAM = A4ZFAN5R3J;
				ENABLE_PREVIEWS = YES;
				GENERATE_INFOPLIST_FILE = YES;
				INFOPLIST_KEY_UIApplicationSceneManifest_Generation = YES;
				INFOPLIST_KEY_UIApplicationSupportsIndirectInputEvents = YES;
				INFOPLIST_KEY_UILaunchScreen_Generation = YES;
				INFOPLIST_KEY_UISupportedInterfaceOrientations_iPad = "UIInterfaceOrientationPortrait UIInterfaceOrientationPortraitUpsideDown UIInterfaceOrientationLandscapeLeft UIInterfaceOrientationLandscapeRight";
				INFOPLIST_KEY_UISupportedInterfaceOrientations_iPhone = "UIInterfaceOrientationPortrait UIInterfaceOrientationLandscapeLeft UIInterfaceOrientationLandscapeRight";
				LD_RUNPATH_SEARCH_PATHS = (
					"$(inherited)",
					"@executable_path/Frameworks",
				);
				MARKETING_VERSION = 1.0;
				PRODUCT_BUNDLE_IDENTIFIER = "khanziuk.MarketplaceAPI-iOS";
				PRODUCT_NAME = "$(TARGET_NAME)";
				SWIFT_EMIT_LOC_STRINGS = YES;
				SWIFT_VERSION = 5.0;
				TARGETED_DEVICE_FAMILY = "1,2";
			};
			name = Debug;
		};
		04B434F22DE4761100218A2F /* Release */ = {
			isa = XCBuildConfiguration;
			buildSettings = {
				ASSETCATALOG_COMPILER_APPICON_NAME = AppIcon;
				ASSETCATALOG_COMPILER_GLOBAL_ACCENT_COLOR_NAME = AccentColor;
				CODE_SIGN_STYLE = Automatic;
				CURRENT_PROJECT_VERSION = 1;
				DEVELOPMENT_ASSET_PATHS = "\"MarketplaceAPI_iOS/Preview Content\"";
				DEVELOPMENT_TEAM = A4ZFAN5R3J;
				ENABLE_PREVIEWS = YES;
				GENERATE_INFOPLIST_FILE = YES;
				INFOPLIST_KEY_UIApplicationSceneManifest_Generation = YES;
				INFOPLIST_KEY_UIApplicationSupportsIndirectInputEvents = YES;
				INFOPLIST_KEY_UILaunchScreen_Generation = YES;
				INFOPLIST_KEY_UISupportedInterfaceOrientations_iPad = "UIInterfaceOrientationPortrait UIInterfaceOrientationPortraitUpsideDown UIInterfaceOrientationLandscapeLeft UIInterfaceOrientationLandscapeRight";
				INFOPLIST_KEY_UISupportedInterfaceOrientations_iPhone = "UIInterfaceOrientationPortrait UIInterfaceOrientationLandscapeLeft UIInterfaceOrientationLandscapeRight";
				LD_RUNPATH_SEARCH_PATHS = (
					"$(inherited)",
					"@executable_path/Frameworks",
				);
				MARKETING_VERSION = 1.0;
				PRODUCT_BUNDLE_IDENTIFIER = "khanziuk.MarketplaceAPI-iOS";
				PRODUCT_NAME = "$(TARGET_NAME)";
				SWIFT_EMIT_LOC_STRINGS = YES;
				SWIFT_VERSION = 5.0;
				TARGETED_DEVICE_FAMILY = "1,2";
			};
			name = Release;
		};
		04B434F42DE4761100218A2F /* Debug */ = {
			isa = XCBuildConfiguration;
			buildSettings = {
				BUNDLE_LOADER = "$(TEST_HOST)";
				CODE_SIGN_STYLE = Automatic;
				CURRENT_PROJECT_VERSION = 1;
				DEVELOPMENT_TEAM = A4ZFAN5R3J;
				GENERATE_INFOPLIST_FILE = YES;
				IPHONEOS_DEPLOYMENT_TARGET = 18.1;
				MARKETING_VERSION = 1.0;
				PRODUCT_BUNDLE_IDENTIFIER = "khanziuk.MarketplaceAPI-iOSTests";
				PRODUCT_NAME = "$(TARGET_NAME)";
				SWIFT_EMIT_LOC_STRINGS = NO;
				SWIFT_VERSION = 5.0;
				TARGETED_DEVICE_FAMILY = "1,2";
				TEST_HOST = "$(BUILT_PRODUCTS_DIR)/MarketplaceAPI_iOS.app/$(BUNDLE_EXECUTABLE_FOLDER_PATH)/MarketplaceAPI_iOS";
			};
			name = Debug;
		};
		04B434F52DE4761100218A2F /* Release */ = {
			isa = XCBuildConfiguration;
			buildSettings = {
				BUNDLE_LOADER = "$(TEST_HOST)";
				CODE_SIGN_STYLE = Automatic;
				CURRENT_PROJECT_VERSION = 1;
				DEVELOPMENT_TEAM = A4ZFAN5R3J;
				GENERATE_INFOPLIST_FILE = YES;
				IPHONEOS_DEPLOYMENT_TARGET = 18.1;
				MARKETING_VERSION = 1.0;
				PRODUCT_BUNDLE_IDENTIFIER = "khanziuk.MarketplaceAPI-iOSTests";
				PRODUCT_NAME = "$(TARGET_NAME)";
				SWIFT_EMIT_LOC_STRINGS = NO;
				SWIFT_VERSION = 5.0;
				TARGETED_DEVICE_FAMILY = "1,2";
				TEST_HOST = "$(BUILT_PRODUCTS_DIR)/MarketplaceAPI_iOS.app/$(BUNDLE_EXECUTABLE_FOLDER_PATH)/MarketplaceAPI_iOS";
			};
			name = Release;
		};
		04B434F72DE4761100218A2F /* Debug */ = {
			isa = XCBuildConfiguration;
			buildSettings = {
				CODE_SIGN_STYLE = Automatic;
				CURRENT_PROJECT_VERSION = 1;
				DEVELOPMENT_TEAM = A4ZFAN5R3J;
				GENERATE_INFOPLIST_FILE = YES;
				MARKETING_VERSION = 1.0;
				PRODUCT_BUNDLE_IDENTIFIER = "khanziuk.MarketplaceAPI-iOSUITests";
				PRODUCT_NAME = "$(TARGET_NAME)";
				SWIFT_EMIT_LOC_STRINGS = NO;
				SWIFT_VERSION = 5.0;
				TARGETED_DEVICE_FAMILY = "1,2";
				TEST_TARGET_NAME = MarketplaceAPI_iOS;
			};
			name = Debug;
		};
		04B434F82DE4761100218A2F /* Release */ = {
			isa = XCBuildConfiguration;
			buildSettings = {
				CODE_SIGN_STYLE = Automatic;
				CURRENT_PROJECT_VERSION = 1;
				DEVELOPMENT_TEAM = A4ZFAN5R3J;
				GENERATE_INFOPLIST_FILE = YES;
				MARKETING_VERSION = 1.0;
				PRODUCT_BUNDLE_IDENTIFIER = "khanziuk.MarketplaceAPI-iOSUITests";
				PRODUCT_NAME = "$(TARGET_NAME)";
				SWIFT_EMIT_LOC_STRINGS = NO;
				SWIFT_VERSION = 5.0;
				TARGETED_DEVICE_FAMILY = "1,2";
				TEST_TARGET_NAME = MarketplaceAPI_iOS;
			};
			name = Release;
		};
/* End XCBuildConfiguration section */

/* Begin XCConfigurationList section */
		04B434C72DE4761000218A2F /* Build configuration list for PBXProject "MarketplaceAPI_iOS" */ = {
			isa = XCConfigurationList;
			buildConfigurations = (
				04B434EE2DE4761100218A2F /* Debug */,
				04B434EF2DE4761100218A2F /* Release */,
			);
			defaultConfigurationIsVisible = 0;
			defaultConfigurationName = Release;
		};
		04B434F02DE4761100218A2F /* Build configuration list for PBXNativeTarget "MarketplaceAPI_iOS" */ = {
			isa = XCConfigurationList;
			buildConfigurations = (
				04B434F12DE4761100218A2F /* Debug */,
				04B434F22DE4761100218A2F /* Release */,
			);
			defaultConfigurationIsVisible = 0;
			defaultConfigurationName = Release;
		};
		04B434F32DE4761100218A2F /* Build configuration list for PBXNativeTarget "MarketplaceAPI_iOSTests" */ = {
			isa = XCConfigurationList;
			buildConfigurations = (
				04B434F42DE4761100218A2F /* Debug */,
				04B434F52DE4761100218A2F /* Release */,
			);
			defaultConfigurationIsVisible = 0;
			defaultConfigurationName = Release;
		};
		04B434F62DE4761100218A2F /* Build configuration list for PBXNativeTarget "MarketplaceAPI_iOSUITests" */ = {
			isa = XCConfigurationList;
			buildConfigurations = (
				04B434F72DE4761100218A2F /* Debug */,
				04B434F82DE4761100218A2F /* Release */,
			);
			defaultConfigurationIsVisible = 0;
			defaultConfigurationName = Release;
		};
/* End XCConfigurationList section */
	};
	rootObject = 04B434C42DE4761000218A2F /* Project object */;
}
